
Microsoft Visual Studio Solution File, Format Version 12.00
# Visual Studio Version 17
VisualStudioVersion = 17.2.32630.192
MinimumVisualStudioVersion = 10.0.40219.1
Project("{9A19103F-16F7-4668-BE54-9A1E7A4F7556}") = "IDServer", "IDServer\IDServer.csproj", "{9B6569DF-28CD-4031-8C49-6275C3936E94}"
EndProject
Project("{9A19103F-16F7-4668-BE54-9A1E7A4F7556}") = "WebApi", "WebApi\WebApi.csproj", "{90A1A8BB-7BBE-447D-B278-64C9ECC5E149}"
EndProject
Project("{9A19103F-16F7-4668-BE54-9A1E7A4F7556}") = "WebClient", "WebClient\WebClient.csproj", "{CDB9141D-2448-4143-8218-4CD9BEFD37A6}"
EndProject
Project("{2150E333-8FDC-42A3-9474-1A3956D46DE8}") = "Solution Items", "Solution Items", "{6FA4868A-A3CA-46B5-A0A0-7BF5BCB3EDC8}"
	ProjectSection(SolutionItems) = preProject
		README.md = README.md
	EndProjectSection
EndProject
Global
	GlobalSection(SolutionConfigurationPlatforms) = preSolution
		Debug|Any CPU = Debug|Any CPU
		Release|Any CPU = Release|Any CPU
	EndGlobalSection
	GlobalSection(ProjectConfigurationPlatforms) = postSolution
		{9B6569DF-28CD-4031-8C49-6275C3936E94}.Debug|Any CPU.ActiveCfg = Debug|Any CPU
		{9B6569DF-28CD-4031-8C49-6275C3936E94}.Debug|Any CPU.Build.0 = Debug|Any CPU
		{9B6569DF-28CD-4031-8C49-6275C3936E94}.Release|Any CPU.ActiveCfg = Release|Any CPU
		{9B6569DF-28CD-4031-8C49-6275C3936E94}.Release|Any CPU.Build.0 = Release|Any CPU
		{90A1A8BB-7BBE-447D-B278-64C9ECC5E149}.Debug|Any CPU.ActiveCfg = Debug|Any CPU
		{90A1A8BB-7BBE-447D-B278-64C9ECC5E149}.Debug|Any CPU.Build.0 = Debug|Any CPU
		{90A1A8BB-7BBE-447D-B278-64C9ECC5E149}.Release|Any CPU.ActiveCfg = Release|Any CPU
		{90A1A8BB-7BBE-447D-B278-64C9ECC5E149}.Release|Any CPU.Build.0 = Release|Any CPU
		{CDB9141D-2448-4143-8218-4CD9BEFD37A6}.Debug|Any CPU.ActiveCfg = Debug|Any CPU
		{CDB9141D-2448-4143-8218-4CD9BEFD37A6}.Debug|Any CPU.Build.0 = Debug|Any CPU
		{CDB9141D-2448-4143-8218-4CD9BEFD37A6}.Release|Any CPU.ActiveCfg = Release|Any CPU
		{CDB9141D-2448-4143-8218-4CD9BEFD37A6}.Release|Any CPU.Build.0 = Release|Any CPU
	EndGlobalSection
	GlobalSection(SolutionProperties) = preSolution
		HideSolutionNode = FALSE
	EndGlobalSection
	GlobalSection(ExtensibilityGlobals) = postSolution
		SolutionGuid = {9AED8D70-2200-406C-ACCB-44F0552D58C2}
	EndGlobalSection
EndGlobal
